
Microsoft Visual Studio Solution File, Format Version 12.00
Project("{2150E333-8FDC-42A3-9474-1A3956D46DE8}") = "src", "src", "{E3D878FF-4FF7-4C22-9F16-93BBD1BEE5F8}"
EndProject
Project("{2150E333-8FDC-42A3-9474-1A3956D46DE8}") = "tests", "tests", "{63173B78-2F1F-4459-A112-90215E8383E3}"
EndProject
Project("{2150E333-8FDC-42A3-9474-1A3956D46DE8}") = "Application", "Application", "{DEF2A774-0E77-4F56-87B7-198E3456E1F5}"
EndProject
Project("{2150E333-8FDC-42A3-9474-1A3956D46DE8}") = "Domain", "Domain", "{EB4ABBF4-3856-4AC2-A7C3-FDA29E2B8612}"
EndProject
Project("{2150E333-8FDC-42A3-9474-1A3956D46DE8}") = "Infrastructure", "Infrastructure", "{F51D2E54-5FFC-4854-A917-06D5E1A0B2F3}"
EndProject
Project("{2150E333-8FDC-42A3-9474-1A3956D46DE8}") = "Workers", "Workers", "{E3506A01-E69A-4278-99D1-40BB3191F90A}"
EndProject
Project("{2150E333-8FDC-42A3-9474-1A3956D46DE8}") = "Web", "Web", "{562FD60F-9B1F-48DA-9EE9-02D42AE985C0}"
EndProject
Project("{FAE04EC0-301F-11D3-BF4B-00C04F79EFBC}") = "MonitoringTool.Domain", "src\MonitoringTool.Domain\MonitoringTool.Domain.csproj", "{8B333DF1-7516-4603-B404-DF4D4E559E14}"
EndProject
Project("{FAE04EC0-301F-11D3-BF4B-00C04F79EFBC}") = "MonitoringTool.Application", "src\MonitoringTool.Application\MonitoringTool.Application.csproj", "{C013E3DE-8952-4303-A732-C69B1DCA63FC}"
EndProject
Project("{FAE04EC0-301F-11D3-BF4B-00C04F79EFBC}") = "MonitoringTool.Infrastructure", "src\MonitoringTool.Infrastructure\MonitoringTool.Infrastructure.csproj", "{C90F80C4-3792-4AFF-8A68-FE2EC3272870}"
EndProject
Project("{FAE04EC0-301F-11D3-BF4B-00C04F79EFBC}") = "MonitoringTool.Common", "src\MonitoringTool.Common\MonitoringTool.Common.csproj", "{0C11A652-600C-4342-8D80-6B82DB09DBEB}"
EndProject
Project("{2150E333-8FDC-42A3-9474-1A3956D46DE8}") = "UnitTests", "UnitTests", "{12B61B71-61AA-418E-A73C-6909F37DCAEB}"
EndProject
Project("{FAE04EC0-301F-11D3-BF4B-00C04F79EFBC}") = "MonitoringTool.Infrastructure.UnitTests", "tests\MonitoringTool.Infrastructure.UnitTests\MonitoringTool.Infrastructure.UnitTests.csproj", "{3E3AFED8-4091-41F1-B35D-5FAF22F3F242}"
EndProject
Global
	GlobalSection(SolutionConfigurationPlatforms) = preSolution
		Debug|Any CPU = Debug|Any CPU
		Release|Any CPU = Release|Any CPU
	EndGlobalSection
	GlobalSection(NestedProjects) = preSolution
		{DEF2A774-0E77-4F56-87B7-198E3456E1F5} = {E3D878FF-4FF7-4C22-9F16-93BBD1BEE5F8}
		{EB4ABBF4-3856-4AC2-A7C3-FDA29E2B8612} = {E3D878FF-4FF7-4C22-9F16-93BBD1BEE5F8}
		{F51D2E54-5FFC-4854-A917-06D5E1A0B2F3} = {E3D878FF-4FF7-4C22-9F16-93BBD1BEE5F8}
		{E3506A01-E69A-4278-99D1-40BB3191F90A} = {E3D878FF-4FF7-4C22-9F16-93BBD1BEE5F8}
		{562FD60F-9B1F-48DA-9EE9-02D42AE985C0} = {E3D878FF-4FF7-4C22-9F16-93BBD1BEE5F8}
		{8B333DF1-7516-4603-B404-DF4D4E559E14} = {EB4ABBF4-3856-4AC2-A7C3-FDA29E2B8612}
		{C013E3DE-8952-4303-A732-C69B1DCA63FC} = {DEF2A774-0E77-4F56-87B7-198E3456E1F5}
		{C90F80C4-3792-4AFF-8A68-FE2EC3272870} = {F51D2E54-5FFC-4854-A917-06D5E1A0B2F3}
		{0C11A652-600C-4342-8D80-6B82DB09DBEB} = {DEF2A774-0E77-4F56-87B7-198E3456E1F5}
		{12B61B71-61AA-418E-A73C-6909F37DCAEB} = {63173B78-2F1F-4459-A112-90215E8383E3}
		{3E3AFED8-4091-41F1-B35D-5FAF22F3F242} = {12B61B71-61AA-418E-A73C-6909F37DCAEB}
	EndGlobalSection
	GlobalSection(ProjectConfigurationPlatforms) = postSolution
		{8B333DF1-7516-4603-B404-DF4D4E559E14}.Debug|Any CPU.ActiveCfg = Debug|Any CPU
		{8B333DF1-7516-4603-B404-DF4D4E559E14}.Debug|Any CPU.Build.0 = Debug|Any CPU
		{8B333DF1-7516-4603-B404-DF4D4E559E14}.Release|Any CPU.ActiveCfg = Release|Any CPU
		{8B333DF1-7516-4603-B404-DF4D4E559E14}.Release|Any CPU.Build.0 = Release|Any CPU
		{C013E3DE-8952-4303-A732-C69B1DCA63FC}.Debug|Any CPU.ActiveCfg = Debug|Any CPU
		{C013E3DE-8952-4303-A732-C69B1DCA63FC}.Debug|Any CPU.Build.0 = Debug|Any CPU
		{C013E3DE-8952-4303-A732-C69B1DCA63FC}.Release|Any CPU.ActiveCfg = Release|Any CPU
		{C013E3DE-8952-4303-A732-C69B1DCA63FC}.Release|Any CPU.Build.0 = Release|Any CPU
		{C90F80C4-3792-4AFF-8A68-FE2EC3272870}.Debug|Any CPU.ActiveCfg = Debug|Any CPU
		{C90F80C4-3792-4AFF-8A68-FE2EC3272870}.Debug|Any CPU.Build.0 = Debug|Any CPU
		{C90F80C4-3792-4AFF-8A68-FE2EC3272870}.Release|Any CPU.ActiveCfg = Release|Any CPU
		{C90F80C4-3792-4AFF-8A68-FE2EC3272870}.Release|Any CPU.Build.0 = Release|Any CPU
		{0C11A652-600C-4342-8D80-6B82DB09DBEB}.Debug|Any CPU.ActiveCfg = Debug|Any CPU
		{0C11A652-600C-4342-8D80-6B82DB09DBEB}.Debug|Any CPU.Build.0 = Debug|Any CPU
		{0C11A652-600C-4342-8D80-6B82DB09DBEB}.Release|Any CPU.ActiveCfg = Release|Any CPU
		{0C11A652-600C-4342-8D80-6B82DB09DBEB}.Release|Any CPU.Build.0 = Release|Any CPU
		{3E3AFED8-4091-41F1-B35D-5FAF22F3F242}.Debug|Any CPU.ActiveCfg = Debug|Any CPU
		{3E3AFED8-4091-41F1-B35D-5FAF22F3F242}.Debug|Any CPU.Build.0 = Debug|Any CPU
		{3E3AFED8-4091-41F1-B35D-5FAF22F3F242}.Release|Any CPU.ActiveCfg = Release|Any CPU
		{3E3AFED8-4091-41F1-B35D-5FAF22F3F242}.Release|Any CPU.Build.0 = Release|Any CPU
	EndGlobalSection
EndGlobal
